{
  "schema_version": 1,
  "index_source_revision": "90ca4d608209584bad3a5bd5becc0b80c146e60f",
  "index_model_revision": "740dcaff396282ffb241903d150ac011cd4b1ede",
  "gsv_source_revision": "d523079fc05d9a8028d6085bffe4a2757c32abb6",
  "gsv_pretrained_revision": "4fae8ec36d3d0373864e580b5d8acfba8da29630",
  "gsv_archive_sha256": "82881ee064a0a49c84160908fd08e4dd0c8946e32567ff8df1ad4dad4c358793",
  "assets": [
    {
      "path": ".gitignore",
      "size": 14,
      "sha256": "e49bdf8c01314f987ba33b15b4ec3fae9f76321db1650773d2b5cb563b0c6917"
    },
    {
      "path": ".msc",
      "size": 1725,
      "sha256": "66efbe57359cde8e58965e3541b4d8306ee7101f9e32d715d9af7e2be34d1cac"
    },
    {
      "path": ".mv",
      "size": 36,
      "sha256": "55bc8d3b91306dcd2c8b349b16bede755e4caeefad43001d8d6d04cd9a7a85c4"
    },
    {
      "path": "bpe.model",
      "size": 475997,
      "sha256": "b2a5ce8090d32da3642cc4f81fdc996376bc6dd3f4cd5e3d165f71120d9f2bc8"
    },
    {
      "path": "chinese-hubert-base/config.json",
      "size": 1449,
      "sha256": "c3e5060a1277e0f078cc6be9da4528a605dba6ece93018981fe2c820e5c7b103"
    },
    {
      "path": "chinese-hubert-base/preprocessor_config.json",
      "size": 212,
      "sha256": "dcd684124d06722947939d41ea6ae58dbf10968c60a11a29f23ddc602c64a29b"
    },
    {
      "path": "chinese-hubert-base/pytorch_model.bin",
      "size": 188811417,
      "sha256": "24164f129c66499d1346e2aa55f183250c223161ec2770c0da3d3b08cf432d3c"
    },
    {
      "path": "chinese-roberta-wwm-ext-large/config.json",
      "size": 963,
      "sha256": "3d57de2fd7e80d0e5c8ff194f0bbb6baa10df7e43fc262a0cc71298a78b0a3e5"
    },
    {
      "path": "chinese-roberta-wwm-ext-large/pytorch_model.bin",
      "size": 651225145,
      "sha256": "e53a693acc59ace251d143d068096ae0d7b79e4b1b503fa84c9dcf576448c1d8"
    },
    {
      "path": "chinese-roberta-wwm-ext-large/tokenizer.json",
      "size": 268962,
      "sha256": "173796956820ea27bd14f76bf28162607ff4254807e2948253eb5b46f5bb643b"
    },
    {
      "path": "config.yaml",
      "size": 2882,
      "sha256": "ea9c2815ecc3874577c7ac158b97248c027250e5b05972fbbb1216b6d6539081"
    },
    {
      "path": "configuration.json",
      "size": 25,
      "sha256": "3caa7e27973c6cd2181b5ee817702cf2d52091a4dea8e3c640ae29331411cf2e"
    },
    {
      "path": "fast_langdetect/lid.176.bin",
      "size": 131266198,
      "sha256": "7e69ec5451bc261cc7844e49e4792a85d7f09c06789ec800fc4a44aec362764e"
    },
    {
      "path": "feat1.pt",
      "size": 57170,
      "sha256": "f219cb447d80216ba615666da2ff8d63ac544eee26657f3a7b278692bf7a67c4"
    },
    {
      "path": "feat2.pt",
      "size": 374866,
      "sha256": "9c4292e96dee535aea9a6206e9a0c856dd578dde9212acdb16dd3ada4d12bf80"
    },
    {
      "path": "gpt.pth",
      "size": 3484663079,
      "sha256": "baaaeb8b56328da81731dc540a85a7dee32eca9da28f174b05757cb651c602a4"
    },
    {
      "path": "gsv-v2final-pretrained/s1bert25hz-5kh-longer-epoch=12-step=369668.ckpt",
      "size": 155315150,
      "sha256": "732f94e63b148066e24c7f9d2637f3374083e637635f07fbdb695dee20ddbe1f"
    },
    {
      "path": "gsv-v2final-pretrained/s2D2333k.pth",
      "size": 93534164,
      "sha256": "8ae7fe8dd8c8f2e718de359e00edac88b0c71ab2fd10b07ad4cc45070eb8a836"
    },
    {
      "path": "gsv-v2final-pretrained/s2G2333k.pth",
      "size": 106035259,
      "sha256": "924fdccaa3c574bf139c25c9759aa1ed3b3f99e19a7c529ee996c2bc17663695"
    },
    {
      "path": "gsv-v4-pretrained/s2Gv4.pth",
      "size": 769025545,
      "sha256": "906fe22f48c3e037a389df291d4d32a9414e15dbb8f9628643e83aaced109ea4"
    },
    {
      "path": "gsv-v4-pretrained/vocoder.pth",
      "size": 57781109,
      "sha256": "4d611913df7b12d49e8976c944558d2d096816365edfc6c35a9e85b67dd14ed9"
    },
    {
      "path": "hf_cache/.msc",
      "size": 206,
      "sha256": "4cdd758da92d84da6aea376000e2585ab48e00bad17b8c3cd4e4a4542ac373c1"
    },
    {
      "path": "hf_cache/bigvgan/bigvgan_generator.pt",
      "size": 449228171,
      "sha256": "e95ba25972d3de0628d99cd156e9315a9c018899bf739988959ebe3544080ced"
    },
    {
      "path": "hf_cache/bigvgan/config.json",
      "size": 1405,
      "sha256": "88a1f47acf747db0b21e97a389d838566147f7a5464583ff5c8d819d870f03ee"
    },
    {
      "path": "hf_cache/campplus_cn_common.bin",
      "size": 28036335,
      "sha256": "3388cf5fd3493c9ac9c69851d8e7a8badcfb4f3dc631020c4961371646d5ada8"
    },
    {
      "path": "hf_cache/pinned/campplus_cn_common.bin",
      "size": 28036335,
      "sha256": "3388cf5fd3493c9ac9c69851d8e7a8badcfb4f3dc631020c4961371646d5ada8"
    },
    {
      "path": "hf_cache/semantic_codec_model.safetensors",
      "size": 177183712,
      "sha256": "ec947271175d8cad75ec37e83aa487e27c97a0f72a303393772da5ffa84bddf2"
    },
    {
      "path": "hf_cache/semantic_codec/model.safetensors",
      "size": 177183712,
      "sha256": "ec947271175d8cad75ec37e83aa487e27c97a0f72a303393772da5ffa84bddf2"
    },
    {
      "path": "hf_cache/w2v-bert-2.0/.msc",
      "size": 450,
      "sha256": "add8c80e8880edcf57444fcad85c565ee998a27097787d0a6ecdc865100a9a82"
    },
    {
      "path": "hf_cache/w2v-bert-2.0/.mv",
      "size": 36,
      "sha256": "f244641a36d88ede7f245fabffe645162dd605c2b1ca43b1bde19adc2848fc34"
    },
    {
      "path": "hf_cache/w2v-bert-2.0/config.json",
      "size": 1874,
      "sha256": "f5572bd5998b68182e9c328a43127ed21fed687f6910497136b91a4e3b0e3675"
    },
    {
      "path": "hf_cache/w2v-bert-2.0/configuration.json",
      "size": 51,
      "sha256": "f5f6e25545ed05c19e9973b7604b05fc49a95696bcd0336fa0f77d06421bc943"
    },
    {
      "path": "hf_cache/w2v-bert-2.0/conformer_shaw.pt",
      "size": 2329131983,
      "sha256": "8310b4270a5b499e92e20c859892dbf7429619347debb5f8feba79eb88f99b4f"
    },
    {
      "path": "hf_cache/w2v-bert-2.0/model.safetensors",
      "size": 2322063736,
      "sha256": "eb890c9660ed6e3414b6812e27257b8ce5454365d5490d3ad581ea60b93be043"
    },
    {
      "path": "hf_cache/w2v-bert-2.0/preprocessor_config.json",
      "size": 275,
      "sha256": "8e6281aad64f97e40534135a59dcc5d33571efae376f2a25adf5551951897ab4"
    },
    {
      "path": "hf_cache/w2v-bert-2.0/README.md",
      "size": 4792,
      "sha256": "478afeacb3b4ce0d86b361f099416d28a7e7673ade31775c0f85f396979b7fc2"
    },
    {
      "path": "LICENSE_ZH.txt",
      "size": 7336,
      "sha256": "366175ecf329274358801b8365922677c52f25e643dcf00f0bc15857b5b2777f"
    },
    {
      "path": "LICENSE.txt",
      "size": 10554,
      "sha256": "53875532237e0a97b17a41721556ff57e93193fc566e48c3a0febe6e35bb5343"
    },
    {
      "path": "models--nvidia--bigvgan_v2_24khz_100band_256x/bigvgan_generator.pt",
      "size": 225179685,
      "sha256": "ee5e2f9cd60b51db75e1806f4fe7621733757586c541c78cb3dd369d5ba24476"
    },
    {
      "path": "models--nvidia--bigvgan_v2_24khz_100band_256x/config.json",
      "size": 1402,
      "sha256": "d77e2c96583ca2296ac112a56ec7cc6bd5da4bf7681ceff18448bedc4fcf6512"
    },
    {
      "path": "pinyin.vocab",
      "size": 10795,
      "sha256": "47e60d97bb0f6cf1fc207a972264ca17fef7300911126886489f2d3f3beb9594"
    },
    {
      "path": "qwen0.6bemo4-merge/added_tokens.json",
      "size": 707,
      "sha256": "c0284b582e14987fbd3d5a2cb2bd139084371ed9acbae488829a1c900833c680"
    },
    {
      "path": "qwen0.6bemo4-merge/chat_template.jinja",
      "size": 550,
      "sha256": "a13337ea164ac47b2c1e644b6338d5e7e91cdcb58218511899c083112472730c"
    },
    {
      "path": "qwen0.6bemo4-merge/config.json",
      "size": 727,
      "sha256": "2e04bc223dfb548dde52faebe2a819964523ff749cbe26467c49380aa371594f"
    },
    {
      "path": "qwen0.6bemo4-merge/generation_config.json",
      "size": 117,
      "sha256": "6453260cdb41552215d87400ab399a760f25509ec2860ceb07817b195651626d"
    },
    {
      "path": "qwen0.6bemo4-merge/merges.txt",
      "size": 1671853,
      "sha256": "8831e4f1a044471340f7c0a83d7bd71306a5b867e95fd870f74d0c5308a904d5"
    },
    {
      "path": "qwen0.6bemo4-merge/model.safetensors",
      "size": 1192135096,
      "sha256": "11293257a8df593c154a8ecd5fc039f3076de35411e35f06d41b471e136f6641"
    },
    {
      "path": "qwen0.6bemo4-merge/Modelfile",
      "size": 360,
      "sha256": "986c18655a26bbbdeb486a9478c8653925c7db7111d6cf20c9991b348853cb95"
    },
    {
      "path": "qwen0.6bemo4-merge/special_tokens_map.json",
      "size": 616,
      "sha256": "6676f091c8bc4d1b50146427cfde92073402866b87b6e39223227931b70083e9"
    },
    {
      "path": "qwen0.6bemo4-merge/tokenizer_config.json",
      "size": 5433,
      "sha256": "147bae7844ddfb8767c1f9cc0f505d4a26839bd6fbb0656d6d6bc17c82e9108a"
    },
    {
      "path": "qwen0.6bemo4-merge/tokenizer.json",
      "size": 11422654,
      "sha256": "aeb13307a71acd8fe81861d94ad54ab689df773318809eed3cbe794b4492dae4"
    },
    {
      "path": "qwen0.6bemo4-merge/vocab.json",
      "size": 2776833,
      "sha256": "ca10d7e9fb3ed18575dd1e277a2579c16d108e32f27439684afa0e10b1440910"
    },
    {
      "path": "README.md",
      "size": 2511,
      "sha256": "3e3225d4ec5fd95737613ec0e3f8ed64a5cde48a435ac21bce29b5ad4abc27a2"
    },
    {
      "path": "s1bert25hz-2kh-longer-epoch=68e-step=50232.ckpt",
      "size": 155093966,
      "sha256": "b1c1e17e9c99547a89388f72048cd6e1b41b5a18b170e86a46dfde0324d63eb1"
    },
    {
      "path": "s1v3.ckpt",
      "size": 155284856,
      "sha256": "87133414860ea14ff6620c483a3db5ed07b44be42e2c3fcdad65523a729a745a"
    },
    {
      "path": "s2D488k.pth",
      "size": 93533667,
      "sha256": "fc579c1db3c1e21b721001cf99d7a584214280df19b002e200b630a34fa06eb8"
    },
    {
      "path": "s2G488k.pth",
      "size": 105973721,
      "sha256": "020a014e1e01e550e510f2f61fae5e5f5b6aab40f15c22f1f12f724df507e835"
    },
    {
      "path": "s2Gv3.pth",
      "size": 769035145,
      "sha256": "f33abb1920076d988e1711d5f41b5c9c6d7f92575b4acf0ad4fae6a4ebf0cf19"
    },
    {
      "path": "s2mel.pth",
      "size": 1202198223,
      "sha256": "aae1bb12017cbb47e7a5ce537fc82f40b6b1deb71acdb9b8f25686f32714b636"
    },
    {
      "path": "sv/pretrained_eres2netv2w24s4ep4.ckpt",
      "size": 107528697,
      "sha256": "4f5a0bf73c61eb41b174e1bb54e7ee3c83233892be8e0af1f187024e8e581a35"
    },
    {
      "path": "v2Pro/s2Dv2Pro.pth",
      "size": 126431971,
      "sha256": "257a7f36ae49e9ff08790d2cd3d398592530852caba810197f8606e884a52c54"
    },
    {
      "path": "v2Pro/s2Dv2ProPlus.pth",
      "size": 126432639,
      "sha256": "635cd84bf6f7f9b8d41c88c7106f81d782c794c61f931845214ea037b0c5bef2"
    },
    {
      "path": "v2Pro/s2Gv2Pro.pth",
      "size": 162303657,
      "sha256": "0f8ead815234365edf045c6d86370ed6e4f440e8195be77ff0ea72684ad406a5"
    },
    {
      "path": "v2Pro/s2Gv2ProPlus.pth",
      "size": 200125741,
      "sha256": "d42a22bbbf65fb2bbdd45ad6a66841156977db45c7aabe0a6992ff378d9c7d3b"
    },
    {
      "path": "wav2vec2bert_stats.pt",
      "size": 9343,
      "sha256": "c9c176c2b8850ab2e3ba828bbfa969deaf4566ce55db5f2687b8430b87526ad2"
    }
  ]
}
